
Microsoft Visual Studio Solution File, Format Version 12.00
# Visual Studio Version 17
VisualStudioVersion = 17.2.32616.157
MinimumVisualStudioVersion = 10.0.40219.1
Project("{FAE04EC0-301F-11D3-BF4B-00C04F79EFBC}") = "Magic8Ball!", "Magic8Ball!\Magic8Ball!.csproj", "{016A4F7D-8760-42FF-879A-85260F41F106}"
EndProject
Global
	GlobalSection(SolutionConfigurationPlatforms) = preSolution
		Debug|Any CPU = Debug|Any CPU
		Release|Any CPU = Release|Any CPU
	EndGlobalSection
	GlobalSection(ProjectConfigurationPlatforms) = postSolution
		{016A4F7D-8760-42FF-879A-85260F41F106}.Debug|Any CPU.ActiveCfg = Debug|Any CPU
		{016A4F7D-8760-42FF-879A-85260F41F106}.Debug|Any CPU.Build.0 = Debug|Any CPU
		{016A4F7D-8760-42FF-879A-85260F41F106}.Release|Any CPU.ActiveCfg = Release|Any CPU
		{016A4F7D-8760-42FF-879A-85260F41F106}.Release|Any CPU.Build.0 = Release|Any CPU
	EndGlobalSection
	GlobalSection(SolutionProperties) = preSolution
		HideSolutionNode = FALSE
	EndGlobalSection
	GlobalSection(ExtensibilityGlobals) = postSolution
		SolutionGuid = {68E25F81-B750-4782-8266-3CF23A703F51}
	EndGlobalSection
EndGlobal
